
Microsoft Visual Studio Solution File, Format Version 12.00
# Visual Studio Version 17
VisualStudioVersion = 17.0.31521.260
MinimumVisualStudioVersion = 10.0.40219.1
Project("{FAE04EC0-301F-11D3-BF4B-00C04F79EFBC}") = "Qiita.Questions.No83581d540c85b24681ff", "Qiita.Questions.No83581d540c85b24681ff\Qiita.Questions.No83581d540c85b24681ff.csproj", "{C517B004-CD8E-48DF-8D86-1D175CC8DC0C}"
EndProject
Global
	GlobalSection(SolutionConfigurationPlatforms) = preSolution
		Debug|Any CPU = Debug|Any CPU
		Release|Any CPU = Release|Any CPU
	EndGlobalSection
	GlobalSection(ProjectConfigurationPlatforms) = postSolution
		{C517B004-CD8E-48DF-8D86-1D175CC8DC0C}.Debug|Any CPU.ActiveCfg = Debug|Any CPU
		{C517B004-CD8E-48DF-8D86-1D175CC8DC0C}.Debug|Any CPU.Build.0 = Debug|Any CPU
		{C517B004-CD8E-48DF-8D86-1D175CC8DC0C}.Release|Any CPU.ActiveCfg = Release|Any CPU
		{C517B004-CD8E-48DF-8D86-1D175CC8DC0C}.Release|Any CPU.Build.0 = Release|Any CPU
	EndGlobalSection
	GlobalSection(SolutionProperties) = preSolution
		HideSolutionNode = FALSE
	EndGlobalSection
	GlobalSection(ExtensibilityGlobals) = postSolution
		SolutionGuid = {BF3D3372-6953-4336-9B3E-859893B1C342}
	EndGlobalSection
EndGlobal
